// !$*UTF8*$!
{
	archiveVersion = 1;
	classes = {
	};
	objectVersion = 50;
	objects = {

/* Begin PBXBuildFile section */
		E453F0B823EA809F00B1A093 /* AppDelegate.swift in Sources */ = {isa = PBXBuildFile; fileRef = E453F0B723EA809F00B1A093 /* AppDelegate.swift */; };
		E453F0BA23EA809F00B1A093 /* GameScene.sks in Resources */ = {isa = PBXBuildFile; fileRef = E453F0B923EA809F00B1A093 /* GameScene.sks */; };
		E453F0BC23EA809F00B1A093 /* Actions.sks in Resources */ = {isa = PBXBuildFile; fileRef = E453F0BB23EA809F00B1A093 /* Actions.sks */; };
		E453F0BE23EA809F00B1A093 /* GameScene.swift in Sources */ = {isa = PBXBuildFile; fileRef = E453F0BD23EA809F00B1A093 /* GameScene.swift */; };
		E453F0C023EA809F00B1A093 /* GameViewController.swift in Sources */ = {isa = PBXBuildFile; fileRef = E453F0BF23EA809F00B1A093 /* GameViewController.swift */; };
		E453F0C323EA809F00B1A093 /* Main.storyboard in Resources */ = {isa = PBXBuildFile; fileRef = E453F0C123EA809F00B1A093 /* Main.storyboard */; };
		E453F0C523EA80A100B1A093 /* Assets.xcassets in Resources */ = {isa = PBXBuildFile; fileRef = E453F0C423EA80A100B1A093 /* Assets.xcassets */; };
		E453F0C823EA80A100B1A093 /* LaunchScreen.storyboard in Resources */ = {isa = PBXBuildFile; fileRef = E453F0C623EA80A100B1A093 /* LaunchScreen.storyboard */; };
		E453F0D323EA80A100B1A093 /* PongTests.swift in Sources */ = {isa = PBXBuildFile; fileRef = E453F0D223EA80A100B1A093 /* PongTests.swift */; };
		E453F0DE23EA80A100B1A093 /* PongUITests.swift in Sources */ = {isa = PBXBuildFile; fileRef = E453F0DD23EA80A100B1A093 /* PongUITests.swift */; };
/* End PBXBuildFile section */

/* Begin PBXContainerItemProxy section */
		E453F0CF23EA80A100B1A093 /* PBXContainerItemProxy */ = {
			isa = PBXContainerItemProxy;
			containerPortal = E453F0AC23EA809F00B1A093 /* Project object */;
			proxyType = 1;
			remoteGlobalIDString = E453F0B323EA809F00B1A093;
			remoteInfo = Pong;
		};
		E453F0DA23EA80A100B1A093 /* PBXContainerItemProxy */ = {
			isa = PBXContainerItemProxy;
			containerPortal = E453F0AC23EA809F00B1A093 /* Project object */;
			proxyType = 1;
			remoteGlobalIDString = E453F0B323EA809F00B1A093;
			remoteInfo = Pong;
		};
/* End PBXContainerItemProxy section */

/* Begin PBXFileReference section */
		E453F0B423EA809F00B1A093 /* Pong.app */ = {isa = PBXFileReference; explicitFileType = wrapper.application; includeInIndex = 0; path = Pong.app; sourceTree = BUILT_PRODUCTS_DIR; };
		E453F0B723EA809F00B1A093 /* AppDelegate.swift */ = {isa = PBXFileReference; lastKnownFileType = sourcecode.swift; path = AppDelegate.swift; sourceTree = "<group>"; };
		E453F0B923EA809F00B1A093 /* GameScene.sks */ = {isa = PBXFileReference; lastKnownFileType = file.sks; path = GameScene.sks; sourceTree = "<group>"; };
		E453F0BB23EA809F00B1A093 /* Actions.sks */ = {isa = PBXFileReference; lastKnownFileType = file.sks; path = Actions.sks; sourceTree = "<group>"; };
		E453F0BD23EA809F00B1A093 /* GameScene.swift */ = {isa = PBXFileReference; lastKnownFileType = sourcecode.swift; path = GameScene.swift; sourceTree = "<group>"; };
		E453F0BF23EA809F00B1A093 /* GameViewController.swift */ = {isa = PBXFileReference; lastKnownFileType = sourcecode.swift; path = GameViewController.swift; sourceTree = "<group>"; };
		E453F0C223EA809F00B1A093 /* Base */ = {isa = PBXFileReference; lastKnownFileType = file.storyboard; name = Base; path = Base.lproj/Main.storyboard; sourceTree = "<group>"; };
		E453F0C423EA80A100B1A093 /* Assets.xcassets */ = {isa = PBXFileReference; lastKnownFileType = folder.assetcatalog; path = Assets.xcassets; sourceTree = "<group>"; };
		E453F0C723EA80A100B1A093 /* Base */ = {isa = PBXFileReference; lastKnownFileType = file.storyboard; name = Base; path = Base.lproj/LaunchScreen.storyboard; sourceTree = "<group>"; };
		E453F0C923EA80A100B1A093 /* Info.plist */ = {isa = PBXFileReference; lastKnownFileType = text.plist.xml; path = Info.plist; sourceTree = "<group>"; };
		E453F0CE23EA80A100B1A093 /* PongTests.xctest */ = {isa = PBXFileReference; explicitFileType = wrapper.cfbundle; includeInIndex = 0; path = PongTests.xctest; sourceTree = BUILT_PRODUCTS_DIR; };
		E453F0D223EA80A100B1A093 /* PongTests.swift */ = {isa = PBXFileReference; lastKnownFileType = sourcecode.swift; path = PongTests.swift; sourceTree = "<group>"; };
		E453F0D423EA80A100B1A093 /* Info.plist */ = {isa = PBXFileReference; lastKnownFileType = text.plist.xml; path = Info.plist; sourceTree = "<group>"; };
		E453F0D923EA80A100B1A093 /* PongUITests.xctest */ = {isa = PBXFileReference; explicitFileType = wrapper.cfbundle; includeInIndex = 0; path = PongUITests.xctest; sourceTree = BUILT_PRODUCTS_DIR; };
		E453F0DD23EA80A100B1A093 /* PongUITests.swift */ = {isa = PBXFileReference; lastKnownFileType = sourcecode.swift; path = PongUITests.swift; sourceTree = "<group>"; };
		E453F0DF23EA80A100B1A093 /* Info.plist */ = {isa = PBXFileReference; lastKnownFileType = text.plist.xml; path = Info.plist; sourceTree = "<group>"; };
/* End PBXFileReference section */

/* Begin PBXFrameworksBuildPhase section */
		E453F0B123EA809F00B1A093 /* Frameworks */ = {
			isa = PBXFrameworksBuildPhase;
			buildActionMask = 2147483647;
			files = (
			);
			runOnlyForDeploymentPostprocessing = 0;
		};
		E453F0CB23EA80A100B1A093 /* Frameworks */ = {
			isa = PBXFrameworksBuildPhase;
			buildActionMask = 2147483647;
			files = (
			);
			runOnlyForDeploymentPostprocessing = 0;
		};
		E453F0D623EA80A100B1A093 /* Frameworks */ = {
			isa = PBXFrameworksBuildPhase;
			buildActionMask = 2147483647;
			files = (
			);
			runOnlyForDeploymentPostprocessing = 0;
		};
/* End PBXFrameworksBuildPhase section */

/* Begin PBXGroup section */
		E453F0AB23EA809F00B1A093 = {
			isa = PBXGroup;
			children = (
				E453F0B623EA809F00B1A093 /* Pong */,
				E453F0D123EA80A100B1A093 /* PongTests */,
				E453F0DC23EA80A100B1A093 /* PongUITests */,
				E453F0B523EA809F00B1A093 /* Products */,
			);
			sourceTree = "<group>";
		};
		E453F0B523EA809F00B1A093 /* Products */ = {
			isa = PBXGroup;
			children = (
				E453F0B423EA809F00B1A093 /* Pong.app */,
				E453F0CE23EA80A100B1A093 /* PongTests.xctest */,
				E453F0D923EA80A100B1A093 /* PongUITests.xctest */,
			);
			name = Products;
			sourceTree = "<group>";
		};
		E453F0B623EA809F00B1A093 /* Pong */ = {
			isa = PBXGroup;
			children = (
				E453F0B723EA809F00B1A093 /* AppDelegate.swift */,
				E453F0B923EA809F00B1A093 /* GameScene.sks */,
				E453F0BB23EA809F00B1A093 /* Actions.sks */,
				E453F0BD23EA809F00B1A093 /* GameScene.swift */,
				E453F0BF23EA809F00B1A093 /* GameViewController.swift */,
				E453F0C123EA809F00B1A093 /* Main.storyboard */,
				E453F0C423EA80A100B1A093 /* Assets.xcassets */,
				E453F0C623EA80A100B1A093 /* LaunchScreen.storyboard */,
				E453F0C923EA80A100B1A093 /* Info.plist */,
			);
			path = Pong;
			sourceTree = "<group>";
		};
		E453F0D123EA80A100B1A093 /* PongTests */ = {
			isa = PBXGroup;
			children = (
				E453F0D223EA80A100B1A093 /* PongTests.swift */,
				E453F0D423EA80A100B1A093 /* Info.plist */,
			);
			path = PongTests;
			sourceTree = "<group>";
		};
		E453F0DC23EA80A100B1A093 /* PongUITests */ = {
			isa = PBXGroup;
			children = (
				E453F0DD23EA80A100B1A093 /* PongUITests.swift */,
				E453F0DF23EA80A100B1A093 /* Info.plist */,
			);
			path = PongUITests;
			sourceTree = "<group>";
		};
/* End PBXGroup section */

/* Begin PBXNativeTarget section */
		E453F0B323EA809F00B1A093 /* Pong */ = {
			isa = PBXNativeTarget;
			buildConfigurationList = E453F0E223EA80A100B1A093 /* Build configuration list for PBXNativeTarget "Pong" */;
			buildPhases = (
				E453F0B023EA809F00B1A093 /* Sources */,
				E453F0B123EA809F00B1A093 /* Frameworks */,
				E453F0B223EA809F00B1A093 /* Resources */,
			);
			buildRules = (
			);
			dependencies = (
			);
			name = Pong;
			productName = Pong;
			productReference = E453F0B423EA809F00B1A093 /* Pong.app */;
			productType = "com.apple.product-type.application";
		};
		E453F0CD23EA80A100B1A093 /* PongTests */ = {
			isa = PBXNativeTarget;
			buildConfigurationList = E453F0E523EA80A100B1A093 /* Build configuration list for PBXNativeTarget "PongTests" */;
			buildPhases = (
				E453F0CA23EA80A100B1A093 /* Sources */,
				E453F0CB23EA80A100B1A093 /* Frameworks */,
				E453F0CC23EA80A100B1A093 /* Resources */,
			);
			buildRules = (
			);
			dependencies = (
				E453F0D023EA80A100B1A093 /* PBXTargetDependency */,
			);
			name = PongTests;
			productName = PongTests;
			productReference = E453F0CE23EA80A100B1A093 /* PongTests.xctest */;
			productType = "com.apple.product-type.bundle.unit-test";
		};
		E453F0D823EA80A100B1A093 /* PongUITests */ = {
			isa = PBXNativeTarget;
			buildConfigurationList = E453F0E823EA80A100B1A093 /* Build configuration list for PBXNativeTarget "PongUITests" */;
			buildPhases = (
				E453F0D523EA80A100B1A093 /* Sources */,
				E453F0D623EA80A100B1A093 /* Frameworks */,
				E453F0D723EA80A100B1A093 /* Resources */,
			);
			buildRules = (
			);
			dependencies = (
				E453F0DB23EA80A100B1A093 /* PBXTargetDependency */,
			);
			name = PongUITests;
			productName = PongUITests;
			productReference = E453F0D923EA80A100B1A093 /* PongUITests.xctest */;
			productType = "com.apple.product-type.bundle.ui-testing";
		};
/* End PBXNativeTarget section */

/* Begin PBXProject section */
		E453F0AC23EA809F00B1A093 /* Project object */ = {
			isa = PBXProject;
			attributes = {
				LastSwiftUpdateCheck = 1130;
				LastUpgradeCheck = 1130;
				ORGANIZATIONNAME = "Marlon Trujillo Ariza";
				TargetAttributes = {
					E453F0B323EA809F00B1A093 = {
						CreatedOnToolsVersion = 11.3.1;
					};
					E453F0CD23EA80A100B1A093 = {
						CreatedOnToolsVersion = 11.3.1;
						TestTargetID = E453F0B323EA809F00B1A093;
					};
					E453F0D823EA80A100B1A093 = {
						CreatedOnToolsVersion = 11.3.1;
						TestTargetID = E453F0B323EA809F00B1A093;
					};
				};
			};
			buildConfigurationList = E453F0AF23EA809F00B1A093 /* Build configuration list for PBXProject "Pong" */;
			compatibilityVersion = "Xcode 9.3";
			developmentRegion = en;
			hasScannedForEncodings = 0;
			knownRegions = (
				en,
				Base,
			);
			mainGroup = E453F0AB23EA809F00B1A093;
			productRefGroup = E453F0B523EA809F00B1A093 /* Products */;
			projectDirPath = "";
			projectRoot = "";
			targets = (
				E453F0B323EA809F00B1A093 /* Pong */,
				E453F0CD23EA80A100B1A093 /* PongTests */,
				E453F0D823EA80A100B1A093 /* PongUITests */,
			);
		};
/* End PBXProject section */

/* Begin PBXResourcesBuildPhase section */
		E453F0B223EA809F00B1A093 /* Resources */ = {
			isa = PBXResourcesBuildPhase;
			buildActionMask = 2147483647;
			files = (
				E453F0C323EA809F00B1A093 /* Main.storyboard in Resources */,
				E453F0BA23EA809F00B1A093 /* GameScene.sks in Resources */,
				E453F0C523EA80A100B1A093 /* Assets.xcassets in Resources */,
				E453F0C823EA80A100B1A093 /* LaunchScreen.storyboard in Resources */,
				E453F0BC23EA809F00B1A093 /* Actions.sks in Resources */,
			);
			runOnlyForDeploymentPostprocessing = 0;
		};
		E453F0CC23EA80A100B1A093 /* Resources */ = {
			isa = PBXResourcesBuildPhase;
			buildActionMask = 2147483647;
			files = (
			);
			runOnlyForDeploymentPostprocessing = 0;
		};
		E453F0D723EA80A100B1A093 /* Resources */ = {
			isa = PBXResourcesBuildPhase;
			buildActionMask = 2147483647;
			files = (
			);
			runOnlyForDeploymentPostprocessing = 0;
		};
/* End PBXResourcesBuildPhase section */

/* Begin PBXSourcesBuildPhase section */
		E453F0B023EA809F00B1A093 /* Sources */ = {
			isa = PBXSourcesBuildPhase;
			buildActionMask = 2147483647;
			files = (
				E453F0BE23EA809F00B1A093 /* GameScene.swift in Sources */,
				E453F0C023EA809F00B1A093 /* GameViewController.swift in Sources */,
				E453F0B823EA809F00B1A093 /* AppDelegate.swift in Sources */,
			);
			runOnlyForDeploymentPostprocessing = 0;
		};
		E453F0CA23EA80A100B1A093 /* Sources */ = {
			isa = PBXSourcesBuildPhase;
			buildActionMask = 2147483647;
			files = (
				E453F0D323EA80A100B1A093 /* PongTests.swift in Sources */,
			);
			runOnlyForDeploymentPostprocessing = 0;
		};
		E453F0D523EA80A100B1A093 /* Sources */ = {
			isa = PBXSourcesBuildPhase;
			buildActionMask = 2147483647;
			files = (
				E453F0DE23EA80A100B1A093 /* PongUITests.swift in Sources */,
			);
			runOnlyForDeploymentPostprocessing = 0;
		};
/* End PBXSourcesBuildPhase section */

/* Begin PBXTargetDependency section */
		E453F0D023EA80A100B1A093 /* PBXTargetDependency */ = {
			isa = PBXTargetDependency;
			target = E453F0B323EA809F00B1A093 /* Pong */;
			targetProxy = E453F0CF23EA80A100B1A093 /* PBXContainerItemProxy */;
		};
		E453F0DB23EA80A100B1A093 /* PBXTargetDependency */ = {
			isa = PBXTargetDependency;
			target = E453F0B323EA809F00B1A093 /* Pong */;
			targetProxy = E453F0DA23EA80A100B1A093 /* PBXContainerItemProxy */;
		};
/* End PBXTargetDependency section */

/* Begin PBXVariantGroup section */
		E453F0C123EA809F00B1A093 /* Main.storyboard */ = {
			isa = PBXVariantGroup;
			children = (
				E453F0C223EA809F00B1A093 /* Base */,
			);
			name = Main.storyboard;
			sourceTree = "<group>";
		};
		E453F0C623EA80A100B1A093 /* LaunchScreen.storyboard */ = {
			isa = PBXVariantGroup;
			children = (
				E453F0C723EA80A100B1A093 /* Base */,
			);
			name = LaunchScreen.storyboard;
			sourceTree = "<group>";
		};
/* End PBXVariantGroup section */

/* Begin XCBuildConfiguration section */
		E453F0E023EA80A100B1A093 /* Debug */ = {
			isa = XCBuildConfiguration;
			buildSettings = {
				ALWAYS_SEARCH_USER_PATHS = NO;
				CLANG_ANALYZER_NONNULL = YES;
				CLANG_ANALYZER_NUMBER_OBJECT_CONVERSION = YES_AGGRESSIVE;
				CLANG_CXX_LANGUAGE_STANDARD = "gnu++14";
				CLANG_CXX_LIBRARY = "libc++";
				CLANG_ENABLE_MODULES = YES;
				CLANG_ENABLE_OBJC_ARC = YES;
				CLANG_ENABLE_OBJC_WEAK = YES;
				CLANG_WARN_BLOCK_CAPTURE_AUTORELEASING = YES;
				CLANG_WARN_BOOL_CONVERSION = YES;
				CLANG_WARN_COMMA = YES;
				CLANG_WARN_CONSTANT_CONVERSION = YES;
				CLANG_WARN_DEPRECATED_OBJC_IMPLEMENTATIONS = YES;
				CLANG_WARN_DIRECT_OBJC_ISA_USAGE = YES_ERROR;
				CLANG_WARN_DOCUMENTATION_COMMENTS = YES;
				CLANG_WARN_EMPTY_BODY = YES;
				CLANG_WARN_ENUM_CONVERSION = YES;
				CLANG_WARN_INFINITE_RECURSION = YES;
				CLANG_WARN_INT_CONVERSION = YES;
				CLANG_WARN_NON_LITERAL_NULL_CONVERSION = YES;
				CLANG_WARN_OBJC_IMPLICIT_RETAIN_SELF = YES;
				CLANG_WARN_OBJC_LITERAL_CONVERSION = YES;
				CLANG_WARN_OBJC_ROOT_CLASS = YES_ERROR;
				CLANG_WARN_RANGE_LOOP_ANALYSIS = YES;
				CLANG_WARN_STRICT_PROTOTYPES = YES;
				CLANG_WARN_SUSPICIOUS_MOVE = YES;
				CLANG_WARN_UNGUARDED_AVAILABILITY = YES_AGGRESSIVE;
				CLANG_WARN_UNREACHABLE_CODE = YES;
				CLANG_WARN__DUPLICATE_METHOD_MATCH = YES;
				COPY_PHASE_STRIP = NO;
				DEBUG_INFORMATION_FORMAT = dwarf;
				ENABLE_STRICT_OBJC_MSGSEND = YES;
				ENABLE_TESTABILITY = YES;
				GCC_C_LANGUAGE_STANDARD = gnu11;
				GCC_DYNAMIC_NO_PIC = NO;
				GCC_NO_COMMON_BLOCKS = YES;
				GCC_OPTIMIZATION_LEVEL = 0;
				GCC_PREPROCESSOR_DEFINITIONS = (
					"DEBUG=1",
					"$(inherited)",
				);
				GCC_WARN_64_TO_32_BIT_CONVERSION = YES;
				GCC_WARN_ABOUT_RETURN_TYPE = YES_ERROR;
				GCC_WARN_UNDECLARED_SELECTOR = YES;
				GCC_WARN_UNINITIALIZED_AUTOS = YES_AGGRESSIVE;
				GCC_WARN_UNUSED_FUNCTION = YES;
				GCC_WARN_UNUSED_VARIABLE = YES;
				IPHONEOS_DEPLOYMENT_TARGET = 13.2;
				MTL_ENABLE_DEBUG_INFO = INCLUDE_SOURCE;
				MTL_FAST_MATH = YES;
				ONLY_ACTIVE_ARCH = YES;
				SDKROOT = iphoneos;
				SWIFT_ACTIVE_COMPILATION_CONDITIONS = DEBUG;
				SWIFT_OPTIMIZATION_LEVEL = "-Onone";
			};
			name = Debug;
		};
		E453F0E123EA80A100B1A093 /* Release */ = {
			isa = XCBuildConfiguration;
			buildSettings = {
				ALWAYS_SEARCH_USER_PATHS = NO;
				CLANG_ANALYZER_NONNULL = YES;
				CLANG_ANALYZER_NUMBER_OBJECT_CONVERSION = YES_AGGRESSIVE;
				CLANG_CXX_LANGUAGE_STANDARD = "gnu++14";
				CLANG_CXX_LIBRARY = "libc++";
				CLANG_ENABLE_MODULES = YES;
				CLANG_ENABLE_OBJC_ARC = YES;
				CLANG_ENABLE_OBJC_WEAK = YES;
				CLANG_WARN_BLOCK_CAPTURE_AUTORELEASING = YES;
				CLANG_WARN_BOOL_CONVERSION = YES;
				CLANG_WARN_COMMA = YES;
				CLANG_WARN_CONSTANT_CONVERSION = YES;
				CLANG_WARN_DEPRECATED_OBJC_IMPLEMENTATIONS = YES;
				CLANG_WARN_DIRECT_OBJC_ISA_USAGE = YES_ERROR;
				CLANG_WARN_DOCUMENTATION_COMMENTS = YES;
				CLANG_WARN_EMPTY_BODY = YES;
				CLANG_WARN_ENUM_CONVERSION = YES;
				CLANG_WARN_INFINITE_RECURSION = YES;
				CLANG_WARN_INT_CONVERSION = YES;
				CLANG_WARN_NON_LITERAL_NULL_CONVERSION = YES;
				CLANG_WARN_OBJC_IMPLICIT_RETAIN_SELF = YES;
				CLANG_WARN_OBJC_LITERAL_CONVERSION = YES;
				CLANG_WARN_OBJC_ROOT_CLASS = YES_ERROR;
				CLANG_WARN_RANGE_LOOP_ANALYSIS = YES;
				CLANG_WARN_STRICT_PROTOTYPES = YES;
				CLANG_WARN_SUSPICIOUS_MOVE = YES;
				CLANG_WARN_UNGUARDED_AVAILABILITY = YES_AGGRESSIVE;
				CLANG_WARN_UNREACHABLE_CODE = YES;
				CLANG_WARN__DUPLICATE_METHOD_MATCH = YES;
				COPY_PHASE_STRIP = NO;
				DEBUG_INFORMATION_FORMAT = "dwarf-with-dsym";
				ENABLE_NS_ASSERTIONS = NO;
				ENABLE_STRICT_OBJC_MSGSEND = YES;
				GCC_C_LANGUAGE_STANDARD = gnu11;
				GCC_NO_COMMON_BLOCKS = YES;
				GCC_WARN_64_TO_32_BIT_CONVERSION = YES;
				GCC_WARN_ABOUT_RETURN_TYPE = YES_ERROR;
				GCC_WARN_UNDECLARED_SELECTOR = YES;
				GCC_WARN_UNINITIALIZED_AUTOS = YES_AGGRESSIVE;
				GCC_WARN_UNUSED_FUNCTION = YES;
				GCC_WARN_UNUSED_VARIABLE = YES;
				IPHONEOS_DEPLOYMENT_TARGET = 13.2;
				MTL_ENABLE_DEBUG_INFO = NO;
				MTL_FAST_MATH = YES;
				SDKROOT = iphoneos;
				SWIFT_COMPILATION_MODE = wholemodule;
				SWIFT_OPTIMIZATION_LEVEL = "-O";
				VALIDATE_PRODUCT = YES;
			};
			name = Release;
		};
		E453F0E323EA80A100B1A093 /* Debug */ = {
			isa = XCBuildConfiguration;
			buildSettings = {
				ASSETCATALOG_COMPILER_APPICON_NAME = AppIcon;
				CODE_SIGN_STYLE = Automatic;
				DEVELOPMENT_TEAM = XY365R5AXL;
				INFOPLIST_FILE = Pong/Info.plist;
				LD_RUNPATH_SEARCH_PATHS = (
					"$(inherited)",
					"@executable_path/Frameworks",
				);
				PRODUCT_BUNDLE_IDENTIFIER = MarMar.Pong;
				PRODUCT_NAME = "$(TARGET_NAME)";
				SWIFT_VERSION = 5.0;
				TARGETED_DEVICE_FAMILY = "1,2";
			};
			name = Debug;
		};
		E453F0E423EA80A100B1A093 /* Release */ = {
			isa = XCBuildConfiguration;
			buildSettings = {
				ASSETCATALOG_COMPILER_APPICON_NAME = AppIcon;
				CODE_SIGN_STYLE = Automatic;
				DEVELOPMENT_TEAM = XY365R5AXL;
				INFOPLIST_FILE = Pong/Info.plist;
				LD_RUNPATH_SEARCH_PATHS = (
					"$(inherited)",
					"@executable_path/Frameworks",
				);
				PRODUCT_BUNDLE_IDENTIFIER = MarMar.Pong;
				PRODUCT_NAME = "$(TARGET_NAME)";
				SWIFT_VERSION = 5.0;
				TARGETED_DEVICE_FAMILY = "1,2";
			};
			name = Release;
		};
		E453F0E623EA80A100B1A093 /* Debug */ = {
			isa = XCBuildConfiguration;
			buildSettings = {
				ALWAYS_EMBED_SWIFT_STANDARD_LIBRARIES = YES;
				BUNDLE_LOADER = "$(TEST_HOST)";
				CODE_SIGN_STYLE = Automatic;
				INFOPLIST_FILE = PongTests/Info.plist;
				IPHONEOS_DEPLOYMENT_TARGET = 13.2;
				LD_RUNPATH_SEARCH_PATHS = (
					"$(inherited)",
					"@executable_path/Frameworks",
					"@loader_path/Frameworks",
				);
				PRODUCT_BUNDLE_IDENTIFIER = MarMar.PongTests;
				PRODUCT_NAME = "$(TARGET_NAME)";
				SWIFT_VERSION = 5.0;
				TARGETED_DEVICE_FAMILY = "1,2";
				TEST_HOST = "$(BUILT_PRODUCTS_DIR)/Pong.app/Pong";
			};
			name = Debug;
		};
		E453F0E723EA80A100B1A093 /* Release */ = {
			isa = XCBuildConfiguration;
			buildSettings = {
				ALWAYS_EMBED_SWIFT_STANDARD_LIBRARIES = YES;
				BUNDLE_LOADER = "$(TEST_HOST)";
				CODE_SIGN_STYLE = Automatic;
				INFOPLIST_FILE = PongTests/Info.plist;
				IPHONEOS_DEPLOYMENT_TARGET = 13.2;
				LD_RUNPATH_SEARCH_PATHS = (
					"$(inherited)",
					"@executable_path/Frameworks",
					"@loader_path/Frameworks",
				);
				PRODUCT_BUNDLE_IDENTIFIER = MarMar.PongTests;
				PRODUCT_NAME = "$(TARGET_NAME)";
				SWIFT_VERSION = 5.0;
				TARGETED_DEVICE_FAMILY = "1,2";
				TEST_HOST = "$(BUILT_PRODUCTS_DIR)/Pong.app/Pong";
			};
			name = Release;
		};
		E453F0E923EA80A100B1A093 /* Debug */ = {
			isa = XCBuildConfiguration;
			buildSettings = {
				ALWAYS_EMBED_SWIFT_STANDARD_LIBRARIES = YES;
				CODE_SIGN_STYLE = Automatic;
				INFOPLIST_FILE = PongUITests/Info.plist;
				LD_RUNPATH_SEARCH_PATHS = (
					"$(inherited)",
					"@executable_path/Frameworks",
					"@loader_path/Frameworks",
				);
				PRODUCT_BUNDLE_IDENTIFIER = MarMar.PongUITests;
				PRODUCT_NAME = "$(TARGET_NAME)";
				SWIFT_VERSION = 5.0;
				TARGETED_DEVICE_FAMILY = "1,2";
				TEST_TARGET_NAME = Pong;
			};
			name = Debug;
		};
		E453F0EA23EA80A100B1A093 /* Release */ = {
			isa = XCBuildConfiguration;
			buildSettings = {
				ALWAYS_EMBED_SWIFT_STANDARD_LIBRARIES = YES;
				CODE_SIGN_STYLE = Automatic;
				INFOPLIST_FILE = PongUITests/Info.plist;
				LD_RUNPATH_SEARCH_PATHS = (
					"$(inherited)",
					"@executable_path/Frameworks",
					"@loader_path/Frameworks",
				);
				PRODUCT_BUNDLE_IDENTIFIER = MarMar.PongUITests;
				PRODUCT_NAME = "$(TARGET_NAME)";
				SWIFT_VERSION = 5.0;
				TARGETED_DEVICE_FAMILY = "1,2";
				TEST_TARGET_NAME = Pong;
			};
			name = Release;
		};
/* End XCBuildConfiguration section */

/* Begin XCConfigurationList section */
		E453F0AF23EA809F00B1A093 /* Build configuration list for PBXProject "Pong" */ = {
			isa = XCConfigurationList;
			buildConfigurations = (
				E453F0E023EA80A100B1A093 /* Debug */,
				E453F0E123EA80A100B1A093 /* Release */,
			);
			defaultConfigurationIsVisible = 0;
			defaultConfigurationName = Release;
		};
		E453F0E223EA80A100B1A093 /* Build configuration list for PBXNativeTarget "Pong" */ = {
			isa = XCConfigurationList;
			buildConfigurations = (
				E453F0E323EA80A100B1A093 /* Debug */,
				E453F0E423EA80A100B1A093 /* Release */,
			);
			defaultConfigurationIsVisible = 0;
			defaultConfigurationName = Release;
		};
		E453F0E523EA80A100B1A093 /* Build configuration list for PBXNativeTarget "PongTests" */ = {
			isa = XCConfigurationList;
			buildConfigurations = (
				E453F0E623EA80A100B1A093 /* Debug */,
				E453F0E723EA80A100B1A093 /* Release */,
			);
			defaultConfigurationIsVisible = 0;
			defaultConfigurationName = Release;
		};
		E453F0E823EA80A100B1A093 /* Build configuration list for PBXNativeTarget "PongUITests" */ = {
			isa = XCConfigurationList;
			buildConfigurations = (
				E453F0E923EA80A100B1A093 /* Debug */,
				E453F0EA23EA80A100B1A093 /* Release */,
			);
			defaultConfigurationIsVisible = 0;
			defaultConfigurationName = Release;
		};
/* End XCConfigurationList section */
	};
	rootObject = E453F0AC23EA809F00B1A093 /* Project object */;
}
